
Microsoft Visual Studio Solution File, Format Version 12.00
# Visual Studio 15
VisualStudioVersion = 15.0.28307.1705
MinimumVisualStudioVersion = 10.0.40219.1
Project("{FAE04EC0-301F-11D3-BF4B-00C04F79EFBC}") = "GraphAlgorithmes", "GraphAlgorithmes\GraphAlgorithmes.csproj", "{A8664643-60AD-4382-8523-DDFC12A00814}"
EndProject
Global
	GlobalSection(SolutionConfigurationPlatforms) = preSolution
		Debug|Any CPU = Debug|Any CPU
		Release|Any CPU = Release|Any CPU
	EndGlobalSection
	GlobalSection(ProjectConfigurationPlatforms) = postSolution
		{A8664643-60AD-4382-8523-DDFC12A00814}.Debug|Any CPU.ActiveCfg = Debug|Any CPU
		{A8664643-60AD-4382-8523-DDFC12A00814}.Debug|Any CPU.Build.0 = Debug|Any CPU
		{A8664643-60AD-4382-8523-DDFC12A00814}.Release|Any CPU.ActiveCfg = Release|Any CPU
		{A8664643-60AD-4382-8523-DDFC12A00814}.Release|Any CPU.Build.0 = Release|Any CPU
	EndGlobalSection
	GlobalSection(SolutionProperties) = preSolution
		HideSolutionNode = FALSE
	EndGlobalSection
	GlobalSection(ExtensibilityGlobals) = postSolution
		SolutionGuid = {C389EB31-65F7-4BD6-A61B-4341577F2565}
	EndGlobalSection
EndGlobal
