
Microsoft Visual Studio Solution File, Format Version 12.00
# Visual Studio Version 17
VisualStudioVersion = 17.2.32630.192
MinimumVisualStudioVersion = 10.0.40219.1
Project("{FAE04EC0-301F-11D3-BF4B-00C04F79EFBC}") = "GraphAlgorithmes", "GraphAlgorithmes\GraphAlgorithmes.csproj", "{A8664643-60AD-4382-8523-DDFC12A00814}"
EndProject
Project("{9A19103F-16F7-4668-BE54-9A1E7A4F7556}") = "Dijkstra-Algo-Lists", "Dijkstra-Algo-Integrated-Priority-Queue\Dijkstra-Algo-Lists.csproj", "{F5F38F9F-72A0-4B76-8971-ED374DC1BCBB}"
EndProject
Global
	GlobalSection(SolutionConfigurationPlatforms) = preSolution
		Debug|Any CPU = Debug|Any CPU
		Release|Any CPU = Release|Any CPU
	EndGlobalSection
	GlobalSection(ProjectConfigurationPlatforms) = postSolution
		{A8664643-60AD-4382-8523-DDFC12A00814}.Debug|Any CPU.ActiveCfg = Debug|Any CPU
		{A8664643-60AD-4382-8523-DDFC12A00814}.Debug|Any CPU.Build.0 = Debug|Any CPU
		{A8664643-60AD-4382-8523-DDFC12A00814}.Release|Any CPU.ActiveCfg = Release|Any CPU
		{A8664643-60AD-4382-8523-DDFC12A00814}.Release|Any CPU.Build.0 = Release|Any CPU
		{F5F38F9F-72A0-4B76-8971-ED374DC1BCBB}.Debug|Any CPU.ActiveCfg = Debug|Any CPU
		{F5F38F9F-72A0-4B76-8971-ED374DC1BCBB}.Debug|Any CPU.Build.0 = Debug|Any CPU
		{F5F38F9F-72A0-4B76-8971-ED374DC1BCBB}.Release|Any CPU.ActiveCfg = Release|Any CPU
		{F5F38F9F-72A0-4B76-8971-ED374DC1BCBB}.Release|Any CPU.Build.0 = Release|Any CPU
	EndGlobalSection
	GlobalSection(SolutionProperties) = preSolution
		HideSolutionNode = FALSE
	EndGlobalSection
	GlobalSection(ExtensibilityGlobals) = postSolution
		SolutionGuid = {C389EB31-65F7-4BD6-A61B-4341577F2565}
	EndGlobalSection
EndGlobal
